
Microsoft Visual Studio Solution File, Format Version 12.00
# Visual Studio Version 16
VisualStudioVersion = 16.0.809.6
MinimumVisualStudioVersion = 10.0.40219.1
Project("{FAE04EC0-301F-11D3-BF4B-00C04F79EFBC}") = "DevYou-HW2", "DevYou-HW2\DevYou-HW2.csproj", "{D6D43BEB-25BB-47D1-A24F-E7CA308CADC2}"
EndProject
Global
	GlobalSection(SolutionConfigurationPlatforms) = preSolution
		Debug|Any CPU = Debug|Any CPU
		Release|Any CPU = Release|Any CPU
	EndGlobalSection
	GlobalSection(ProjectConfigurationPlatforms) = postSolution
		{D6D43BEB-25BB-47D1-A24F-E7CA308CADC2}.Debug|Any CPU.ActiveCfg = Debug|Any CPU
		{D6D43BEB-25BB-47D1-A24F-E7CA308CADC2}.Debug|Any CPU.Build.0 = Debug|Any CPU
		{D6D43BEB-25BB-47D1-A24F-E7CA308CADC2}.Release|Any CPU.ActiveCfg = Release|Any CPU
		{D6D43BEB-25BB-47D1-A24F-E7CA308CADC2}.Release|Any CPU.Build.0 = Release|Any CPU
	EndGlobalSection
	GlobalSection(SolutionProperties) = preSolution
		HideSolutionNode = FALSE
	EndGlobalSection
	GlobalSection(ExtensibilityGlobals) = postSolution
		SolutionGuid = {B69D05EB-31BC-4553-8438-8E4C19D34A57}
	EndGlobalSection
EndGlobal
